
Microsoft Visual Studio Solution File, Format Version 11.00
# Visual Studio 2010
Project("{FAE04EC0-301F-11D3-BF4B-00C04F79EFBC}") = "mvc1", "mvc1\mvc1.csproj", "{077D2099-021C-4D93-A8C9-B86043F55830}"
EndProject
Project("{FAE04EC0-301F-11D3-BF4B-00C04F79EFBC}") = "mvc1.Tests", "mvc1.Tests\mvc1.Tests.csproj", "{36E2CF81-FC17-464F-A1F7-8D41B6B903B1}"
EndProject
Global
	GlobalSection(SolutionConfigurationPlatforms) = preSolution
		Debug|Any CPU = Debug|Any CPU
		Release|Any CPU = Release|Any CPU
	EndGlobalSection
	GlobalSection(ProjectConfigurationPlatforms) = postSolution
		{077D2099-021C-4D93-A8C9-B86043F55830}.Debug|Any CPU.ActiveCfg = Debug|Any CPU
		{077D2099-021C-4D93-A8C9-B86043F55830}.Debug|Any CPU.Build.0 = Debug|Any CPU
		{077D2099-021C-4D93-A8C9-B86043F55830}.Release|Any CPU.ActiveCfg = Release|Any CPU
		{077D2099-021C-4D93-A8C9-B86043F55830}.Release|Any CPU.Build.0 = Release|Any CPU
		{36E2CF81-FC17-464F-A1F7-8D41B6B903B1}.Debug|Any CPU.ActiveCfg = Debug|Any CPU
		{36E2CF81-FC17-464F-A1F7-8D41B6B903B1}.Debug|Any CPU.Build.0 = Debug|Any CPU
		{36E2CF81-FC17-464F-A1F7-8D41B6B903B1}.Release|Any CPU.ActiveCfg = Release|Any CPU
		{36E2CF81-FC17-464F-A1F7-8D41B6B903B1}.Release|Any CPU.Build.0 = Release|Any CPU
	EndGlobalSection
	GlobalSection(SolutionProperties) = preSolution
		HideSolutionNode = FALSE
	EndGlobalSection
EndGlobal
